PODS:
  - AMFlamingo (0.1.0):
    - SnapKit (~> 5.0.0)
  - SnapKit (5.0.1)

DEPENDENCIES:
  - AMFlamingo (from `../`)

SPEC REPOS:
  trunk:
    - SnapKit

EXTERNAL SOURCES:
  AMFlamingo:
    :path: "../"

SPEC CHECKSUMS:
  AMFlamingo: c0846031cbc3410a2a56f25a6d64a36578262c6e
  SnapKit: 97b92857e3df3a0c71833cce143274bf6ef8e5eb

PODFILE CHECKSUM: d0987410f423d4d9c6f92ce24063d8a98bc42708

COCOAPODS: 1.16.2
