PODS:
  - AMFlamingo (0.1.5):
    - AMFlamingo/Resources (= 0.1.5)
    - SnapKit (~> 5.7)
  - AMFlamingo/Resources (0.1.5):
    - SnapKit (~> 5.7)
  - SnapKit (5.7.1)

DEPENDENCIES:
  - AMFlamingo (from `../`)

SPEC REPOS:
  trunk:
    - SnapKit

EXTERNAL SOURCES:
  AMFlamingo:
    :path: "../"

SPEC CHECKSUMS:
  AMFlamingo: a9689a7683b6b3b369e8ab7660eb18dbe0e00066
  SnapKit: d612e99e678a2d3b95bf60b0705ed0a35c03484a

PODFILE CHECKSUM: f5802bd971cae5628faf13f95ecd17977652398c

COCOAPODS: 1.16.2
