{
  "object": {
    "pins": [
      {
        "package": "SnapKit",
        "repositoryURL": "https://github.com/SnapKit/SnapKit.git",
        "state": {
          "branch": null,
          "revision": "2842e6e84e82eb9a8dac0100ca90d9444b0307f4",
          "version": "5.7.1"
        }
      },
      {
        "package": "cmark-gfm",
        "repositoryURL": "https://github.com/swiftlang/swift-cmark.git",
        "state": {
          "branch": "gfm",
          "revision": "0101bf2c6ff6a218f93150f340fe5ccf76d9f3aa",
          "version": null
        }
      },
      {
        "package": "swift-markdown",
        "repositoryURL": "https://github.com/apple/swift-markdown.git",
        "state": {
          "branch": "main",
          "revision": "4661b550c55abde97d14e35b89e094084669f40a",
          "version": null
        }
      }
    ]
  },
  "version": 1
}
